
Microsoft Visual Studio Solution File, Format Version 12.00
# Visual Studio Version 16
VisualStudioVersion = 16.0.31911.196
MinimumVisualStudioVersion = 10.0.40219.1
Project("{FAE04EC0-301F-11D3-BF4B-00C04F79EFBC}") = "BaiTapLon", "BaiTapLon\BaiTapLon.csproj", "{A64DEEBA-FF01-45F3-B0E5-E78096AFF690}"
EndProject
Global
	GlobalSection(SolutionConfigurationPlatforms) = preSolution
		Debug|Any CPU = Debug|Any CPU
		Release|Any CPU = Release|Any CPU
	EndGlobalSection
	GlobalSection(ProjectConfigurationPlatforms) = postSolution
		{A64DEEBA-FF01-45F3-B0E5-E78096AFF690}.Debug|Any CPU.ActiveCfg = Debug|Any CPU
		{A64DEEBA-FF01-45F3-B0E5-E78096AFF690}.Debug|Any CPU.Build.0 = Debug|Any CPU
		{A64DEEBA-FF01-45F3-B0E5-E78096AFF690}.Release|Any CPU.ActiveCfg = Release|Any CPU
		{A64DEEBA-FF01-45F3-B0E5-E78096AFF690}.Release|Any CPU.Build.0 = Release|Any CPU
	EndGlobalSection
	GlobalSection(SolutionProperties) = preSolution
		HideSolutionNode = FALSE
	EndGlobalSection
	GlobalSection(ExtensibilityGlobals) = postSolution
		SolutionGuid = {CF7E264B-00B2-47A9-B07C-9DA60A46C75F}
	EndGlobalSection
EndGlobal
